{
  "nodes": {
    "fenix": {
      "inputs": {
        "nixpkgs": [
          "nixpkgs"
        ],
        "rust-analyzer-src": "rust-analyzer-src"
      },
      "locked": {
        "lastModified": 1666766063,
        "narHash": "sha256-5xc/eoUZSUbEt+PKQgICpiSY4L2BCfttjQhjNTa+EPk=",
        "owner": "nix-community",
        "repo": "fenix",
        "rev": "0748dc3f419917e3548419e91839ee062e1a88fb",
        "type": "github"
      },
      "original": {
        "owner": "nix-community",
        "repo": "fenix",
        "type": "github"
      }
    },
    "flake-utils": {
      "locked": {
        "lastModified": 1659877975,
        "narHash": "sha256-zllb8aq3YO3h8B/U0/J1WBgAL8EX5yWf5pMj3G0NAmc=",
        "owner": "numtide",
        "repo": "flake-utils",
        "rev": "c0e246b9b83f637f4681389ecabcb2681b4f3af0",
        "type": "github"
      },
      "original": {
        "owner": "numtide",
        "repo": "flake-utils",
        "type": "github"
      }
    },
    "flake-utils-plus": {
      "inputs": {
        "flake-utils": [
          "flake-utils"
        ]
      },
      "locked": {
        "lastModified": 1657226504,
        "narHash": "sha256-GIYNjuq4mJlFgqKsZ+YrgzWm0IpA4axA3MCrdKYj7gs=",
        "owner": "gytis-ivaskevicius",
        "repo": "flake-utils-plus",
        "rev": "2bf0f91643c2e5ae38c1b26893ac2927ac9bd82a",
        "type": "github"
      },
      "original": {
        "owner": "gytis-ivaskevicius",
        "repo": "flake-utils-plus",
        "type": "github"
      }
    },
    "flake-utils_2": {
      "locked": {
        "lastModified": 1659877975,
        "narHash": "sha256-zllb8aq3YO3h8B/U0/J1WBgAL8EX5yWf5pMj3G0NAmc=",
        "owner": "numtide",
        "repo": "flake-utils",
        "rev": "c0e246b9b83f637f4681389ecabcb2681b4f3af0",
        "type": "github"
      },
      "original": {
        "owner": "numtide",
        "repo": "flake-utils",
        "type": "github"
      }
    },
    "fzf-tab": {
      "flake": false,
      "locked": {
        "lastModified": 1666581126,
        "narHash": "sha256-YkfHPSuSKParz7JidR924CJSuXO6Rk0RZTlxPOBwLJk=",
        "owner": "Aloxaf",
        "repo": "fzf-tab",
        "rev": "14f66e4d3d0b366552c0412eb08ca9e0f7c797bd",
        "type": "github"
      },
      "original": {
        "owner": "Aloxaf",
        "repo": "fzf-tab",
        "type": "github"
      }
    },
    "gtimelog": {
      "flake": false,
      "locked": {
        "lastModified": 1624374909,
        "narHash": "sha256-Ls6FpmssAhheVEsi/BQgUb41V7eE7yMdkwt+mPWkRmI=",
        "ref": "refs/heads/master",
        "rev": "ae1f65c2088c6ab167b3cf142f80bd04720d1886",
        "revCount": 459,
        "type": "git",
        "url": "https://gitlab.collabora.com/collabora/gtimelog.git"
      },
      "original": {
        "type": "git",
        "url": "https://gitlab.collabora.com/collabora/gtimelog.git"
      }
    },
    "home-manager": {
      "inputs": {
        "nixpkgs": [
          "nixpkgs"
        ]
      },
      "locked": {
        "lastModified": 1665996265,
        "narHash": "sha256-/k9og6LDBQwT+f/tJ5ClcWiUl8kCX5m6ognhsAxOiCY=",
        "owner": "nix-community",
        "repo": "home-manager",
        "rev": "b81e128fc053ab3159d7b464d9b7dedc9d6a6891",
        "type": "github"
      },
      "original": {
        "owner": "nix-community",
        "ref": "release-22.05",
        "repo": "home-manager",
        "type": "github"
      }
    },
    "home-manager-unstable": {
      "inputs": {
        "nixpkgs": [
          "nixpkgs"
        ],
        "utils": "utils"
      },
      "locked": {
        "lastModified": 1666649150,
        "narHash": "sha256-kINnLxC0KFalUk4tVO/H5hUU7FVAOYYcUSWrsBpnl+I=",
        "owner": "nix-community",
        "repo": "home-manager",
        "rev": "7dc4e4ebd71280842b4d30975439980baaac9db8",
        "type": "github"
      },
      "original": {
        "owner": "nix-community",
        "repo": "home-manager",
        "type": "github"
      }
    },
    "impermanence": {
      "locked": {
        "lastModified": 1661933071,
        "narHash": "sha256-RFgfzldpbCvS+H2qwH+EvNejvqs+NhPVD5j1I7HQQPY=",
        "owner": "nix-community",
        "repo": "impermanence",
        "rev": "def994adbdfc28974e87b0e4c949e776207d5557",
        "type": "github"
      },
      "original": {
        "owner": "nix-community",
        "repo": "impermanence",
        "type": "github"
      }
    },
    "kmonad": {
      "inputs": {
        "nixpkgs": [
          "nixpkgs"
        ]
      },
      "locked": {
        "dir": "nix",
        "lastModified": 1664950533,
        "narHash": "sha256-TooqJDgGNyyhpIGB8U28Y3poYUFW4jeH9h59D7cKSls=",
        "owner": "kmonad",
        "repo": "kmonad",
        "rev": "af8c2253754882b5b50c824ce9906d35f9b95657",
        "type": "github"
      },
      "original": {
        "dir": "nix",
        "owner": "kmonad",
        "repo": "kmonad",
        "type": "github"
      }
    },
    "nixpkgs": {
      "locked": {
        "lastModified": 1667085676,
        "narHash": "sha256-jPHYYoSdrV3ypWG4oi9SUeI2MU6dLjxM88+9io5Rrx0=",
        "owner": "NixOS",
        "repo": "nixpkgs",
        "rev": "e6e6bad81b7e11f37d893ef39712ce8918ae2338",
        "type": "github"
      },
      "original": {
        "owner": "NixOS",
        "ref": "nixpkgs-unstable",
        "repo": "nixpkgs",
        "type": "github"
      }
    },
    "nixpkgs-22_05": {
      "locked": {
        "lastModified": 1666488099,
        "narHash": "sha256-DANs2epN5QgvxWzH7xF3dzb4WE0lEuMLrMEu/vPmQxw=",
        "owner": "NixOS",
        "repo": "nixpkgs",
        "rev": "f9115594149ebcb409a42e303bec4956814a8419",
        "type": "github"
      },
      "original": {
        "owner": "NixOS",
        "ref": "release-22.05",
        "repo": "nixpkgs",
        "type": "github"
      }
    },
    "nixpkgs-minion": {
      "locked": {
        "lastModified": 1666777518,
        "narHash": "sha256-yFTcAQ6ig5wlAnMXE+3Er175EXsDnT5HPjzVJvSvRn8=",
        "owner": "Minion3665",
        "repo": "nixpkgs",
        "rev": "c3c8485902db06aec681aac5d4e8ab5a1e2f3655",
        "type": "github"
      },
      "original": {
        "owner": "Minion3665",
        "repo": "nixpkgs",
        "type": "github"
      }
    },
    "nixpkgs-staging-next": {
      "locked": {
        "lastModified": 1667317463,
        "narHash": "sha256-9MtO36H+F7XpYCKbqF51VPEdg8kSe1f28ekrfcm9YT0=",
        "owner": "NixOS",
        "repo": "nixpkgs",
        "rev": "eeca5969b3f42ac943639aaec503816f053e5e53",
        "type": "github"
      },
      "original": {
        "owner": "NixOS",
        "ref": "staging-next",
        "repo": "nixpkgs",
        "type": "github"
      }
    },
    "nixpkgs_2": {
      "locked": {
        "lastModified": 1660464579,
        "narHash": "sha256-kzA9rwh0wS6CwUnFHAQ7dhJCowMPfRbvixVeOKnUmjo=",
        "owner": "NixOS",
        "repo": "nixpkgs",
        "rev": "b02538b16f6c5e1dbfce1033b27946e25c019b3b",
        "type": "github"
      },
      "original": {
        "owner": "NixOS",
        "ref": "nixpkgs-unstable",
        "repo": "nixpkgs",
        "type": "github"
      }
    },
    "omnisharp-language-server": {
      "flake": false,
      "locked": {
        "lastModified": 1648713702,
        "narHash": "sha256-gC1DbS07smpjJaAh9ZaeX6FETKBlIY+jd7leV5wmJW0=",
        "owner": "coc-extensions",
        "repo": "coc-omnisharp",
        "rev": "d34b6937f478793fd6fc0779f1e720025d254efd",
        "type": "github"
      },
      "original": {
        "owner": "coc-extensions",
        "repo": "coc-omnisharp",
        "type": "github"
      }
    },
    "prismlauncher": {
      "locked": {
        "lastModified": 1667299891,
        "narHash": "sha256-mwVof5mOFiniu2yl5WVFUhpEtH5N+IqVTSK3wXe1y3c=",
        "owner": "Scrumplex",
        "repo": "nixpkgs",
        "rev": "c77f59d15b21965cf495727bfe37a61b986da511",
        "type": "github"
      },
      "original": {
        "owner": "Scrumplex",
        "ref": "update-prismlauncher-5.1",
        "repo": "nixpkgs",
        "type": "github"
      }
    },
    "registry": {
      "flake": false,
      "locked": {
        "lastModified": 1661161594,
        "narHash": "sha256-tu1KKNLw+v7ZOIUPGDE66tn9vEyhIAWiiJYZRGGev8E=",
        "owner": "nixos",
        "repo": "flake-registry",
        "rev": "8634fb4e1db6c76ce037bc00ef80f9ebd2616476",
        "type": "github"
      },
      "original": {
        "owner": "nixos",
        "repo": "flake-registry",
        "type": "github"
      }
    },
    "root": {
      "inputs": {
        "fenix": "fenix",
        "flake-utils": "flake-utils",
        "flake-utils-plus": "flake-utils-plus",
        "fzf-tab": "fzf-tab",
        "gtimelog": "gtimelog",
        "home-manager": "home-manager",
        "home-manager-unstable": "home-manager-unstable",
        "impermanence": "impermanence",
        "kmonad": "kmonad",
        "nixpkgs": "nixpkgs",
        "nixpkgs-minion": "nixpkgs-minion",
        "nixpkgs-staging-next": "nixpkgs-staging-next",
        "omnisharp-language-server": "omnisharp-language-server",
        "prismlauncher": "prismlauncher",
        "registry": "registry",
        "sops-nix": "sops-nix",
        "vscode-extensions": "vscode-extensions"
      }
    },
    "rust-analyzer-src": {
      "flake": false,
      "locked": {
        "lastModified": 1666620525,
        "narHash": "sha256-XL/8MDKydIni4ObTvuXBOVT+i87TLlutFPxYcd0Cy8I=",
        "owner": "rust-lang",
        "repo": "rust-analyzer",
        "rev": "53b6d69e931a52cca44ef94c3b713b4d255754b8",
        "type": "github"
      },
      "original": {
        "owner": "rust-lang",
        "ref": "nightly",
        "repo": "rust-analyzer",
        "type": "github"
      }
    },
    "sops-nix": {
      "inputs": {
        "nixpkgs": [
          "nixpkgs"
        ],
        "nixpkgs-22_05": "nixpkgs-22_05"
      },
      "locked": {
        "lastModified": 1666499473,
        "narHash": "sha256-q1eFnBFL0kHgcnUPeKagw3BfbE/5sMJNGL2E2AR+a2M=",
        "owner": "Mic92",
        "repo": "sops-nix",
        "rev": "1b5f9512a265f0c9687dbff47893180f777f4809",
        "type": "github"
      },
      "original": {
        "owner": "Mic92",
        "repo": "sops-nix",
        "type": "github"
      }
    },
    "utils": {
      "locked": {
        "lastModified": 1659877975,
        "narHash": "sha256-zllb8aq3YO3h8B/U0/J1WBgAL8EX5yWf5pMj3G0NAmc=",
        "owner": "numtide",
        "repo": "flake-utils",
        "rev": "c0e246b9b83f637f4681389ecabcb2681b4f3af0",
        "type": "github"
      },
      "original": {
        "owner": "numtide",
        "repo": "flake-utils",
        "type": "github"
      }
    },
    "vscode-extensions": {
      "inputs": {
        "flake-utils": "flake-utils_2",
        "nixpkgs": "nixpkgs_2"
      },
      "locked": {
        "lastModified": 1665992943,
        "narHash": "sha256-jg+cLRhxY4zDK1L7VkkeojUoRA/GfTNTcyXtXs6dM/s=",
        "owner": "AmeerTaweel",
        "repo": "nix-vscode-marketplace",
        "rev": "2e9508c0cd2c2daa6323f8443bf123c7112db047",
        "type": "github"
      },
      "original": {
        "owner": "AmeerTaweel",
        "repo": "nix-vscode-marketplace",
        "type": "github"
      }
    }
  },
  "root": "root",
  "version": 7
}
