{
  "nodes": {
    "flake-utils": {
      "locked": {
        "lastModified": 1659877975,
        "narHash": "sha256-zllb8aq3YO3h8B/U0/J1WBgAL8EX5yWf5pMj3G0NAmc=",
        "owner": "numtide",
        "repo": "flake-utils",
        "rev": "c0e246b9b83f637f4681389ecabcb2681b4f3af0",
        "type": "github"
      },
      "original": {
        "owner": "numtide",
        "repo": "flake-utils",
        "type": "github"
      }
    },
    "flake-utils-plus": {
      "inputs": {
        "flake-utils": [
          "flake-utils"
        ]
      },
      "locked": {
        "lastModified": 1657226504,
        "narHash": "sha256-GIYNjuq4mJlFgqKsZ+YrgzWm0IpA4axA3MCrdKYj7gs=",
        "owner": "gytis-ivaskevicius",
        "repo": "flake-utils-plus",
        "rev": "2bf0f91643c2e5ae38c1b26893ac2927ac9bd82a",
        "type": "github"
      },
      "original": {
        "owner": "gytis-ivaskevicius",
        "repo": "flake-utils-plus",
        "type": "github"
      }
    },
    "flake-utils_2": {
      "locked": {
        "lastModified": 1659877975,
        "narHash": "sha256-zllb8aq3YO3h8B/U0/J1WBgAL8EX5yWf5pMj3G0NAmc=",
        "owner": "numtide",
        "repo": "flake-utils",
        "rev": "c0e246b9b83f637f4681389ecabcb2681b4f3af0",
        "type": "github"
      },
      "original": {
        "owner": "numtide",
        "repo": "flake-utils",
        "type": "github"
      }
    },
    "fzf-tab": {
      "flake": false,
      "locked": {
        "lastModified": 1660535318,
        "narHash": "sha256-xP0IoCeyZyYU+iKUkIoIAMn75r6R3TJYhAKoQgC1dWg=",
        "owner": "Aloxaf",
        "repo": "fzf-tab",
        "rev": "938eef72e93ddb0609205a663bf0783f4e1b5fae",
        "type": "github"
      },
      "original": {
        "owner": "Aloxaf",
        "repo": "fzf-tab",
        "type": "github"
      }
    },
    "gtimelog": {
      "flake": false,
      "locked": {
        "lastModified": 1624374909,
        "narHash": "sha256-Ls6FpmssAhheVEsi/BQgUb41V7eE7yMdkwt+mPWkRmI=",
        "ref": "refs/heads/master",
        "rev": "ae1f65c2088c6ab167b3cf142f80bd04720d1886",
        "revCount": 459,
        "type": "git",
        "url": "https://gitlab.collabora.com/collabora/gtimelog.git"
      },
      "original": {
        "type": "git",
        "url": "https://gitlab.collabora.com/collabora/gtimelog.git"
      }
    },
    "home-manager": {
      "inputs": {
        "nixpkgs": [
          "nixpkgs"
        ]
      },
      "locked": {
        "lastModified": 1656169755,
        "narHash": "sha256-Nlnm4jeQWEGjYrE6hxi/7HYHjBSZ/E0RtjCYifnNsWk=",
        "owner": "nix-community",
        "repo": "home-manager",
        "rev": "4a3d01fb53f52ac83194081272795aa4612c2381",
        "type": "github"
      },
      "original": {
        "owner": "nix-community",
        "ref": "release-22.05",
        "repo": "home-manager",
        "type": "github"
      }
    },
    "home-manager-unstable": {
      "inputs": {
        "nixpkgs": [
          "nixpkgs"
        ],
        "utils": "utils"
      },
      "locked": {
        "lastModified": 1661573386,
        "narHash": "sha256-pBEg8iY00Af/SAtU2dlmOAv+2x7kScaGlFRDjNoVJO8=",
        "owner": "nix-community",
        "repo": "home-manager",
        "rev": "d89bdff445eadff03fe414e9c30486bc8166b72b",
        "type": "github"
      },
      "original": {
        "owner": "nix-community",
        "repo": "home-manager",
        "type": "github"
      }
    },
    "impermanence": {
      "locked": {
        "lastModified": 1646131459,
        "narHash": "sha256-GPmgxvUFvQ1GmsGfWHy9+rcxWrczeDhS9XnAIPHi9XQ=",
        "owner": "nix-community",
        "repo": "impermanence",
        "rev": "2f39baeb7d039fda5fc8225111bb79474138e6f4",
        "type": "github"
      },
      "original": {
        "owner": "nix-community",
        "repo": "impermanence",
        "type": "github"
      }
    },
    "nixpkgs": {
      "locked": {
        "lastModified": 1660936389,
        "narHash": "sha256-GZcCsjq8EUA65MXdPQDvZdXkKcuhCnlvaSBpS/aqFwY=",
        "owner": "NixOS",
        "repo": "nixpkgs",
        "rev": "921b28fa6ed61f6275fdebfec25b630dd1e4f378",
        "type": "github"
      },
      "original": {
        "owner": "NixOS",
        "ref": "nixpkgs-unstable",
        "repo": "nixpkgs",
        "type": "github"
      }
    },
    "nixpkgs-22_05": {
      "locked": {
        "lastModified": 1660410996,
        "narHash": "sha256-arkfX1YYFmwMyDTCguzoOI4epABC41FGQU4J1/G3/9M=",
        "owner": "NixOS",
        "repo": "nixpkgs",
        "rev": "70b6236f3cbc815f2cae8d597418c714cf83d1c8",
        "type": "github"
      },
      "original": {
        "owner": "NixOS",
        "ref": "release-22.05",
        "repo": "nixpkgs",
        "type": "github"
      }
    },
    "nixpkgs-minion": {
      "locked": {
        "lastModified": 1662343021,
        "narHash": "sha256-LN1nNMYYnqQ2hgZkR+E52HU3ctow0lA9AulEp6gQFtc=",
        "owner": "Minion3665",
        "repo": "nixpkgs",
        "rev": "e45a160d5dffe9d464460c0d97fa62aea8bdd013",
        "type": "github"
      },
      "original": {
        "owner": "Minion3665",
        "repo": "nixpkgs",
        "type": "github"
      }
    },
    "nixpkgs_2": {
      "locked": {
        "lastModified": 1660464579,
        "narHash": "sha256-kzA9rwh0wS6CwUnFHAQ7dhJCowMPfRbvixVeOKnUmjo=",
        "owner": "NixOS",
        "repo": "nixpkgs",
        "rev": "b02538b16f6c5e1dbfce1033b27946e25c019b3b",
        "type": "github"
      },
      "original": {
        "owner": "NixOS",
        "ref": "nixpkgs-unstable",
        "repo": "nixpkgs",
        "type": "github"
      }
    },
    "registry": {
      "flake": false,
      "locked": {
        "lastModified": 1657791189,
        "narHash": "sha256-Z2ckMWqybpJjIdGIPuHcYzTL7DPTbFKpBZJJgGfFUog=",
        "owner": "nixos",
        "repo": "flake-registry",
        "rev": "7a481cef7e86d6ceb4aec244d9bb085619360ba1",
        "type": "github"
      },
      "original": {
        "owner": "nixos",
        "repo": "flake-registry",
        "type": "github"
      }
    },
    "root": {
      "inputs": {
        "flake-utils": "flake-utils",
        "flake-utils-plus": "flake-utils-plus",
        "fzf-tab": "fzf-tab",
        "gtimelog": "gtimelog",
        "home-manager": "home-manager",
        "home-manager-unstable": "home-manager-unstable",
        "impermanence": "impermanence",
        "nixpkgs": "nixpkgs",
        "nixpkgs-minion": "nixpkgs-minion",
        "registry": "registry",
        "sops-nix": "sops-nix",
        "vscode-extensions": "vscode-extensions"
      }
    },
    "sops-nix": {
      "inputs": {
        "nixpkgs": [
          "nixpkgs"
        ],
        "nixpkgs-22_05": "nixpkgs-22_05"
      },
      "locked": {
        "lastModified": 1660540143,
        "narHash": "sha256-oqeOdJH0ey/UyG1G31BV6Lk8qjI+VKboTpTJB317OhM=",
        "owner": "Mic92",
        "repo": "sops-nix",
        "rev": "773365016f5202a199f5aff72cac75c64add4528",
        "type": "github"
      },
      "original": {
        "owner": "Mic92",
        "repo": "sops-nix",
        "type": "github"
      }
    },
    "utils": {
      "locked": {
        "lastModified": 1653893745,
        "narHash": "sha256-0jntwV3Z8//YwuOjzhV2sgJJPt+HY6KhU7VZUL0fKZQ=",
        "owner": "numtide",
        "repo": "flake-utils",
        "rev": "1ed9fb1935d260de5fe1c2f7ee0ebaae17ed2fa1",
        "type": "github"
      },
      "original": {
        "owner": "numtide",
        "repo": "flake-utils",
        "type": "github"
      }
    },
    "vscode-extensions": {
      "inputs": {
        "flake-utils": "flake-utils_2",
        "nixpkgs": "nixpkgs_2"
      },
      "locked": {
        "lastModified": 1662019250,
        "narHash": "sha256-7fLV45jqj0v+q3dUM+iRWv9rJzqKcRimah8MaBe621Q=",
        "owner": "AmeerTaweel",
        "repo": "nix-vscode-marketplace",
        "rev": "6d660610d15ad26be92f1c09725ed67f8d9bf105",
        "type": "github"
      },
      "original": {
        "owner": "AmeerTaweel",
        "repo": "nix-vscode-marketplace",
        "type": "github"
      }
    }
  },
  "root": "root",
  "version": 7
}
